
Microsoft Visual Studio Solution File, Format Version 12.00
# Visual Studio Version 17
VisualStudioVersion = 17.7.34221.43
MinimumVisualStudioVersion = 10.0.40219.1
Project("{FAE04EC0-301F-11D3-BF4B-00C04F79EFBC}") = "FlightBookingSystem", "FlightBookingSystem\FlightBookingSystem.csproj", "{DD4CBE4D-7C9B-49CE-BF2B-9482E77E524D}"
EndProject
Global
	GlobalSection(SolutionConfigurationPlatforms) = preSolution
		Debug|Any CPU = Debug|Any CPU
		Release|Any CPU = Release|Any CPU
	EndGlobalSection
	GlobalSection(ProjectConfigurationPlatforms) = postSolution
		{DD4CBE4D-7C9B-49CE-BF2B-9482E77E524D}.Debug|Any CPU.ActiveCfg = Debug|Any CPU
		{DD4CBE4D-7C9B-49CE-BF2B-9482E77E524D}.Debug|Any CPU.Build.0 = Debug|Any CPU
		{DD4CBE4D-7C9B-49CE-BF2B-9482E77E524D}.Release|Any CPU.ActiveCfg = Release|Any CPU
		{DD4CBE4D-7C9B-49CE-BF2B-9482E77E524D}.Release|Any CPU.Build.0 = Release|Any CPU
	EndGlobalSection
	GlobalSection(SolutionProperties) = preSolution
		HideSolutionNode = FALSE
	EndGlobalSection
	GlobalSection(ExtensibilityGlobals) = postSolution
		SolutionGuid = {C1C4E8DD-FD2A-45D5-A97E-BC71ECD12460}
	EndGlobalSection
EndGlobal
